
Microsoft Visual Studio Solution File, Format Version 12.00
# Visual Studio Version 17
VisualStudioVersion = 17.0.31903.59
MinimumVisualStudioVersion = 10.0.40219.1
Project("{FAE04EC0-301F-11D3-BF4B-00C04F79EFBC}") = "WSM.ResApi", "WSM.ResApi\WSM.ResApi.csproj", "{B1B5C21E-68EF-4B09-AC8A-70D11938F822}"
EndProject
Project("{FAE04EC0-301F-11D3-BF4B-00C04F79EFBC}") = "WSM.WebApp.MVC", "WSM.WebApp.MVC\WSM.WebApp.MVC.csproj", "{709E86F8-7AA6-4FCF-BB67-904851841091}"
EndProject
Project("{FAE04EC0-301F-11D3-BF4B-00C04F79EFBC}") = "WSM.Testes", "WSM.Testes\WSM.Testes.csproj", "{89ECB7AE-13ED-438E-AE9D-69E294A582F7}"
EndProject
Global
	GlobalSection(SolutionConfigurationPlatforms) = preSolution
		Debug|Any CPU = Debug|Any CPU
		Release|Any CPU = Release|Any CPU
	EndGlobalSection
	GlobalSection(ProjectConfigurationPlatforms) = postSolution
		{B1B5C21E-68EF-4B09-AC8A-70D11938F822}.Debug|Any CPU.ActiveCfg = Debug|Any CPU
		{B1B5C21E-68EF-4B09-AC8A-70D11938F822}.Debug|Any CPU.Build.0 = Debug|Any CPU
		{B1B5C21E-68EF-4B09-AC8A-70D11938F822}.Release|Any CPU.ActiveCfg = Release|Any CPU
		{B1B5C21E-68EF-4B09-AC8A-70D11938F822}.Release|Any CPU.Build.0 = Release|Any CPU
		{709E86F8-7AA6-4FCF-BB67-904851841091}.Debug|Any CPU.ActiveCfg = Debug|Any CPU
		{709E86F8-7AA6-4FCF-BB67-904851841091}.Debug|Any CPU.Build.0 = Debug|Any CPU
		{709E86F8-7AA6-4FCF-BB67-904851841091}.Release|Any CPU.ActiveCfg = Release|Any CPU
		{709E86F8-7AA6-4FCF-BB67-904851841091}.Release|Any CPU.Build.0 = Release|Any CPU
		{89ECB7AE-13ED-438E-AE9D-69E294A582F7}.Debug|Any CPU.ActiveCfg = Debug|Any CPU
		{89ECB7AE-13ED-438E-AE9D-69E294A582F7}.Debug|Any CPU.Build.0 = Debug|Any CPU
		{89ECB7AE-13ED-438E-AE9D-69E294A582F7}.Release|Any CPU.ActiveCfg = Release|Any CPU
		{89ECB7AE-13ED-438E-AE9D-69E294A582F7}.Release|Any CPU.Build.0 = Release|Any CPU
	EndGlobalSection
	GlobalSection(SolutionProperties) = preSolution
		HideSolutionNode = FALSE
	EndGlobalSection
	GlobalSection(ExtensibilityGlobals) = postSolution
		SolutionGuid = {63DD891E-2F94-4959-94C2-EE3CEC0A8615}
	EndGlobalSection
EndGlobal
